
Microsoft Visual Studio Solution File, Format Version 12.00
# Visual Studio Version 16
VisualStudioVersion = 16.0.30907.101
MinimumVisualStudioVersion = 10.0.40219.1
Project("{9A19103F-16F7-4668-BE54-9A1E7A4F7556}") = "Business", "Business\Business.csproj", "{CCA6D441-D943-4B5F-A343-C09AB06ED082}"
EndProject
Project("{9A19103F-16F7-4668-BE54-9A1E7A4F7556}") = "DataAccess", "DataAccess\DataAccess.csproj", "{8FB398BC-2FAE-487A-8B8D-7CB33B6601D5}"
EndProject
Project("{9A19103F-16F7-4668-BE54-9A1E7A4F7556}") = "Core", "Core\Core.csproj", "{2207A0EB-DD6D-4B63-B8DD-D0B4EDD20BC3}"
EndProject
Project("{9A19103F-16F7-4668-BE54-9A1E7A4F7556}") = "Entities", "Entities\Entities.csproj", "{BD5D8D65-CAD6-4211-8482-87B047FAAEE4}"
EndProject
Project("{9A19103F-16F7-4668-BE54-9A1E7A4F7556}") = "ConsoleUII", "ConsoleUII\ConsoleUII.csproj", "{EBFB1E84-E154-4231-8967-28ED32D759A2}"
EndProject
Project("{FAE04EC0-301F-11D3-BF4B-00C04F79EFBC}") = "WebAPI", "WebAPI\WebAPI.csproj", "{EC0EF505-597F-4419-B928-A9A287F4527E}"
EndProject
Global
	GlobalSection(SolutionConfigurationPlatforms) = preSolution
		Debug|Any CPU = Debug|Any CPU
		Release|Any CPU = Release|Any CPU
	EndGlobalSection
	GlobalSection(ProjectConfigurationPlatforms) = postSolution
		{CCA6D441-D943-4B5F-A343-C09AB06ED082}.Debug|Any CPU.ActiveCfg = Debug|Any CPU
		{CCA6D441-D943-4B5F-A343-C09AB06ED082}.Debug|Any CPU.Build.0 = Debug|Any CPU
		{CCA6D441-D943-4B5F-A343-C09AB06ED082}.Release|Any CPU.ActiveCfg = Release|Any CPU
		{CCA6D441-D943-4B5F-A343-C09AB06ED082}.Release|Any CPU.Build.0 = Release|Any CPU
		{8FB398BC-2FAE-487A-8B8D-7CB33B6601D5}.Debug|Any CPU.ActiveCfg = Debug|Any CPU
		{8FB398BC-2FAE-487A-8B8D-7CB33B6601D5}.Debug|Any CPU.Build.0 = Debug|Any CPU
		{8FB398BC-2FAE-487A-8B8D-7CB33B6601D5}.Release|Any CPU.ActiveCfg = Release|Any CPU
		{8FB398BC-2FAE-487A-8B8D-7CB33B6601D5}.Release|Any CPU.Build.0 = Release|Any CPU
		{2207A0EB-DD6D-4B63-B8DD-D0B4EDD20BC3}.Debug|Any CPU.ActiveCfg = Debug|Any CPU
		{2207A0EB-DD6D-4B63-B8DD-D0B4EDD20BC3}.Debug|Any CPU.Build.0 = Debug|Any CPU
		{2207A0EB-DD6D-4B63-B8DD-D0B4EDD20BC3}.Release|Any CPU.ActiveCfg = Release|Any CPU
		{2207A0EB-DD6D-4B63-B8DD-D0B4EDD20BC3}.Release|Any CPU.Build.0 = Release|Any CPU
		{BD5D8D65-CAD6-4211-8482-87B047FAAEE4}.Debug|Any CPU.ActiveCfg = Debug|Any CPU
		{BD5D8D65-CAD6-4211-8482-87B047FAAEE4}.Debug|Any CPU.Build.0 = Debug|Any CPU
		{BD5D8D65-CAD6-4211-8482-87B047FAAEE4}.Release|Any CPU.ActiveCfg = Release|Any CPU
		{BD5D8D65-CAD6-4211-8482-87B047FAAEE4}.Release|Any CPU.Build.0 = Release|Any CPU
		{EBFB1E84-E154-4231-8967-28ED32D759A2}.Debug|Any CPU.ActiveCfg = Debug|Any CPU
		{EBFB1E84-E154-4231-8967-28ED32D759A2}.Debug|Any CPU.Build.0 = Debug|Any CPU
		{EBFB1E84-E154-4231-8967-28ED32D759A2}.Release|Any CPU.ActiveCfg = Release|Any CPU
		{EBFB1E84-E154-4231-8967-28ED32D759A2}.Release|Any CPU.Build.0 = Release|Any CPU
		{EC0EF505-597F-4419-B928-A9A287F4527E}.Debug|Any CPU.ActiveCfg = Debug|Any CPU
		{EC0EF505-597F-4419-B928-A9A287F4527E}.Debug|Any CPU.Build.0 = Debug|Any CPU
		{EC0EF505-597F-4419-B928-A9A287F4527E}.Release|Any CPU.ActiveCfg = Release|Any CPU
		{EC0EF505-597F-4419-B928-A9A287F4527E}.Release|Any CPU.Build.0 = Release|Any CPU
	EndGlobalSection
	GlobalSection(SolutionProperties) = preSolution
		HideSolutionNode = FALSE
	EndGlobalSection
	GlobalSection(ExtensibilityGlobals) = postSolution
		SolutionGuid = {6A1CA6DE-A7B6-472D-BF74-3FA7FD0718F1}
	EndGlobalSection
EndGlobal
